// !$*UTF8*$!
{
	archiveVersion = 1;
	classes = {
	};
	objectVersion = 77;
	objects = {

/* Begin PBXContainerItemProxy section */
		CCE27AD82ED40552009FD7F9 /* PBXContainerItemProxy */ = {
			isa = PBXContainerItemProxy;
			containerPortal = CCE27AC22ED40551009FD7F9 /* Project object */;
			proxyType = 1;
			remoteGlobalIDString = CCE27AC92ED40551009FD7F9;
			remoteInfo = AurtsyApp;
		};
		CCE27AE22ED40552009FD7F9 /* PBXContainerItemProxy */ = {
			isa = PBXContainerItemProxy;
			containerPortal = CCE27AC22ED40551009FD7F9 /* Project object */;
			proxyType = 1;
			remoteGlobalIDString = CCE27AC92ED40551009FD7F9;
			remoteInfo = AurtsyApp;
		};
/* End PBXContainerItemProxy section */

/* Begin PBXFileReference section */
		CCE27ACA2ED40551009FD7F9 /* AurtsyApp.app */ = {isa = PBXFileReference; explicitFileType = wrapper.application; includeInIndex = 0; path = AurtsyApp.app; sourceTree = BUILT_PRODUCTS_DIR; };
		CCE27AD72ED40552009FD7F9 /* AurtsyAppTests.xctest */ = {isa = PBXFileReference; explicitFileType = wrapper.cfbundle; includeInIndex = 0; path = AurtsyAppTests.xctest; sourceTree = BUILT_PRODUCTS_DIR; };
		CCE27AE12ED40552009FD7F9 /* AurtsyAppUITests.xctest */ = {isa = PBXFileReference; explicitFileType = wrapper.cfbundle; includeInIndex = 0; path = AurtsyAppUITests.xctest; sourceTree = BUILT_PRODUCTS_DIR; };
/* End PBXFileReference section */

/* Begin PBXFileSystemSynchronizedRootGroup section */
		CCE27ACC2ED40551009FD7F9 /* AurtsyApp */ = {
			isa = PBXFileSystemSynchronizedRootGroup;
			path = AurtsyApp;
			sourceTree = "<group>";
		};
		CCE27ADA2ED40552009FD7F9 /* AurtsyAppTests */ = {
			isa = PBXFileSystemSynchronizedRootGroup;
			path = AurtsyAppTests;
			sourceTree = "<group>";
		};
		CCE27AE42ED40552009FD7F9 /* AurtsyAppUITests */ = {
			isa = PBXFileSystemSynchronizedRootGroup;
			path = AurtsyAppUITests;
			sourceTree = "<group>";
		};
/* End PBXFileSystemSynchronizedRootGroup section */

/* Begin PBXFrameworksBuildPhase section */
		CCE27AC72ED40551009FD7F9 /* Frameworks */ = {
			isa = PBXFrameworksBuildPhase;
			buildActionMask = 2147483647;
			files = (
			);
			runOnlyForDeploymentPostprocessing = 0;
		};
		CCE27AD42ED40552009FD7F9 /* Frameworks */ = {
			isa = PBXFrameworksBuildPhase;
			buildActionMask = 2147483647;
			files = (
			);
			runOnlyForDeploymentPostprocessing = 0;
		};
		CCE27ADE2ED40552009FD7F9 /* Frameworks */ = {
			isa = PBXFrameworksBuildPhase;
			buildActionMask = 2147483647;
			files = (
			);
			runOnlyForDeploymentPostprocessing = 0;
		};
/* End PBXFrameworksBuildPhase section */

/* Begin PBXGroup section */
		CCE27AC12ED40551009FD7F9 = {
			isa = PBXGroup;
			children = (
				CCE27ACC2ED40551009FD7F9 /* AurtsyApp */,
				CCE27ADA2ED40552009FD7F9 /* AurtsyAppTests */,
				CCE27AE42ED40552009FD7F9 /* AurtsyAppUITests */,
				CCE27ACB2ED40551009FD7F9 /* Products */,
			);
			sourceTree = "<group>";
		};
		CCE27ACB2ED40551009FD7F9 /* Products */ = {
			isa = PBXGroup;
			children = (
				CCE27ACA2ED40551009FD7F9 /* AurtsyApp.app */,
				CCE27AD72ED40552009FD7F9 /* AurtsyAppTests.xctest */,
				CCE27AE12ED40552009FD7F9 /* AurtsyAppUITests.xctest */,
			);
			name = Products;
			sourceTree = "<group>";
		};
/* End PBXGroup section */

/* Begin PBXNativeTarget section */
		CCE27AC92ED40551009FD7F9 /* AurtsyApp */ = {
			isa = PBXNativeTarget;
			buildConfigurationList = CCE27AEB2ED40552009FD7F9 /* Build configuration list for PBXNativeTarget "AurtsyApp" */;
			buildPhases = (
				CCE27AC62ED40551009FD7F9 /* Sources */,
				CCE27AC72ED40551009FD7F9 /* Frameworks */,
				CCE27AC82ED40551009FD7F9 /* Resources */,
			);
			buildRules = (
			);
			dependencies = (
			);
			fileSystemSynchronizedGroups = (
				CCE27ACC2ED40551009FD7F9 /* AurtsyApp */,
			);
			name = AurtsyApp;
			packageProductDependencies = (
			);
			productName = AurtsyApp;
			productReference = CCE27ACA2ED40551009FD7F9 /* AurtsyApp.app */;
			productType = "com.apple.product-type.application";
		};
		CCE27AD62ED40552009FD7F9 /* AurtsyAppTests */ = {
			isa = PBXNativeTarget;
			buildConfigurationList = CCE27AEE2ED40552009FD7F9 /* Build configuration list for PBXNativeTarget "AurtsyAppTests" */;
			buildPhases = (
				CCE27AD32ED40552009FD7F9 /* Sources */,
				CCE27AD42ED40552009FD7F9 /* Frameworks */,
				CCE27AD52ED40552009FD7F9 /* Resources */,
			);
			buildRules = (
			);
			dependencies = (
				CCE27AD92ED40552009FD7F9 /* PBXTargetDependency */,
			);
			fileSystemSynchronizedGroups = (
				CCE27ADA2ED40552009FD7F9 /* AurtsyAppTests */,
			);
			name = AurtsyAppTests;
			packageProductDependencies = (
			);
			productName = AurtsyAppTests;
			productReference = CCE27AD72ED40552009FD7F9 /* AurtsyAppTests.xctest */;
			productType = "com.apple.product-type.bundle.unit-test";
		};
		CCE27AE02ED40552009FD7F9 /* AurtsyAppUITests */ = {
			isa = PBXNativeTarget;
			buildConfigurationList = CCE27AF12ED40552009FD7F9 /* Build configuration list for PBXNativeTarget "AurtsyAppUITests" */;
			buildPhases = (
				CCE27ADD2ED40552009FD7F9 /* Sources */,
				CCE27ADE2ED40552009FD7F9 /* Frameworks */,
				CCE27ADF2ED40552009FD7F9 /* Resources */,
			);
			buildRules = (
			);
			dependencies = (
				CCE27AE32ED40552009FD7F9 /* PBXTargetDependency */,
			);
			fileSystemSynchronizedGroups = (
				CCE27AE42ED40552009FD7F9 /* AurtsyAppUITests */,
			);
			name = AurtsyAppUITests;
			packageProductDependencies = (
			);
			productName = AurtsyAppUITests;
			productReference = CCE27AE12ED40552009FD7F9 /* AurtsyAppUITests.xctest */;
			productType = "com.apple.product-type.bundle.ui-testing";
		};
/* End PBXNativeTarget section */

/* Begin PBXProject section */
		CCE27AC22ED40551009FD7F9 /* Project object */ = {
			isa = PBXProject;
			attributes = {
				BuildIndependentTargetsInParallel = 1;
				LastSwiftUpdateCheck = 1640;
				LastUpgradeCheck = 1640;
				TargetAttributes = {
					CCE27AC92ED40551009FD7F9 = {
						CreatedOnToolsVersion = 16.4;
					};
					CCE27AD62ED40552009FD7F9 = {
						CreatedOnToolsVersion = 16.4;
						TestTargetID = CCE27AC92ED40551009FD7F9;
					};
					CCE27AE02ED40552009FD7F9 = {
						CreatedOnToolsVersion = 16.4;
						TestTargetID = CCE27AC92ED40551009FD7F9;
					};
				};
			};
			buildConfigurationList = CCE27AC52ED40551009FD7F9 /* Build configuration list for PBXProject "AurtsyApp" */;
			developmentRegion = en;
			hasScannedForEncodings = 0;
			knownRegions = (
				en,
				Base,
			);
			mainGroup = CCE27AC12ED40551009FD7F9;
			minimizedProjectReferenceProxies = 1;
			preferredProjectObjectVersion = 77;
			productRefGroup = CCE27ACB2ED40551009FD7F9 /* Products */;
			projectDirPath = "";
			projectRoot = "";
			targets = (
				CCE27AC92ED40551009FD7F9 /* AurtsyApp */,
				CCE27AD62ED40552009FD7F9 /* AurtsyAppTests */,
				CCE27AE02ED40552009FD7F9 /* AurtsyAppUITests */,
			);
		};
/* End PBXProject section */

/* Begin PBXResourcesBuildPhase section */
		CCE27AC82ED40551009FD7F9 /* Resources */ = {
			isa = PBXResourcesBuildPhase;
			buildActionMask = 2147483647;
			files = (
			);
			runOnlyForDeploymentPostprocessing = 0;
		};
		CCE27AD52ED40552009FD7F9 /* Resources */ = {
			isa = PBXResourcesBuildPhase;
			buildActionMask = 2147483647;
			files = (
			);
			runOnlyForDeploymentPostprocessing = 0;
		};
		CCE27ADF2ED40552009FD7F9 /* Resources */ = {
			isa = PBXResourcesBuildPhase;
			buildActionMask = 2147483647;
			files = (
			);
			runOnlyForDeploymentPostprocessing = 0;
		};
/* End PBXResourcesBuildPhase section */

/* Begin PBXSourcesBuildPhase section */
		CCE27AC62ED40551009FD7F9 /* Sources */ = {
			isa = PBXSourcesBuildPhase;
			buildActionMask = 2147483647;
			files = (
			);
			runOnlyForDeploymentPostprocessing = 0;
		};
		CCE27AD32ED40552009FD7F9 /* Sources */ = {
			isa = PBXSourcesBuildPhase;
			buildActionMask = 2147483647;
			files = (
			);
			runOnlyForDeploymentPostprocessing = 0;
		};
		CCE27ADD2ED40552009FD7F9 /* Sources */ = {
			isa = PBXSourcesBuildPhase;
			buildActionMask = 2147483647;
			files = (
			);
			runOnlyForDeploymentPostprocessing = 0;
		};
/* End PBXSourcesBuildPhase section */

/* Begin PBXTargetDependency section */
		CCE27AD92ED40552009FD7F9 /* PBXTargetDependency */ = {
			isa = PBXTargetDependency;
			target = CCE27AC92ED40551009FD7F9 /* AurtsyApp */;
			targetProxy = CCE27AD82ED40552009FD7F9 /* PBXContainerItemProxy */;
		};
		CCE27AE32ED40552009FD7F9 /* PBXTargetDependency */ = {
			isa = PBXTargetDependency;
			target = CCE27AC92ED40551009FD7F9 /* AurtsyApp */;
			targetProxy = CCE27AE22ED40552009FD7F9 /* PBXContainerItemProxy */;
		};
/* End PBXTargetDependency section */

/* Begin XCBuildConfiguration section */
		CCE27AE92ED40552009FD7F9 /* Debug */ = {
			isa = XCBuildConfiguration;
			buildSettings = {
				ALWAYS_SEARCH_USER_PATHS = NO;
				ASSETCATALOG_COMPILER_GENERATE_SWIFT_ASSET_SYMBOL_EXTENSIONS = YES;
				CLANG_ANALYZER_NONNULL = YES;
				CLANG_ANALYZER_NUMBER_OBJECT_CONVERSION = YES_AGGRESSIVE;
				CLANG_CXX_LANGUAGE_STANDARD = "gnu++20";
				CLANG_ENABLE_MODULES = YES;
				CLANG_ENABLE_OBJC_ARC = YES;
				CLANG_ENABLE_OBJC_WEAK = YES;
				CLANG_WARN_BLOCK_CAPTURE_AUTORELEASING = YES;
				CLANG_WARN_BOOL_CONVERSION = YES;
				CLANG_WARN_COMMA = YES;
				CLANG_WARN_CONSTANT_CONVERSION = YES;
				CLANG_WARN_DEPRECATED_OBJC_IMPLEMENTATIONS = YES;
				CLANG_WARN_DIRECT_OBJC_ISA_USAGE = YES_ERROR;
				CLANG_WARN_DOCUMENTATION_COMMENTS = YES;
				CLANG_WARN_EMPTY_BODY = YES;
				CLANG_WARN_ENUM_CONVERSION = YES;
				CLANG_WARN_INFINITE_RECURSION = YES;
				CLANG_WARN_INT_CONVERSION = YES;
				CLANG_WARN_NON_LITERAL_NULL_CONVERSION = YES;
				CLANG_WARN_OBJC_IMPLICIT_RETAIN_SELF = YES;
				CLANG_WARN_OBJC_LITERAL_CONVERSION = YES;
				CLANG_WARN_OBJC_ROOT_CLASS = YES_ERROR;
				CLANG_WARN_QUOTED_INCLUDE_IN_FRAMEWORK_HEADER = YES;
				CLANG_WARN_RANGE_LOOP_ANALYSIS = YES;
				CLANG_WARN_STRICT_PROTOTYPES = YES;
				CLANG_WARN_SUSPICIOUS_MOVE = YES;
				CLANG_WARN_UNGUARDED_AVAILABILITY = YES_AGGRESSIVE;
				CLANG_WARN_UNREACHABLE_CODE = YES;
				CLANG_WARN__DUPLICATE_METHOD_MATCH = YES;
				COPY_PHASE_STRIP = NO;
				DEBUG_INFORMATION_FORMAT = dwarf;
				DEVELOPMENT_TEAM = 2KGG5VLWXM;
				ENABLE_STRICT_OBJC_MSGSEND = YES;
				ENABLE_TESTABILITY = YES;
				ENABLE_USER_SCRIPT_SANDBOXING = YES;
				GCC_C_LANGUAGE_STANDARD = gnu17;
				GCC_DYNAMIC_NO_PIC = NO;
				GCC_NO_COMMON_BLOCKS = YES;
				GCC_OPTIMIZATION_LEVEL = 0;
				GCC_PREPROCESSOR_DEFINITIONS = (
					"DEBUG=1",
					"$(inherited)",
				);
				GCC_WARN_64_TO_32_BIT_CONVERSION = YES;
				GCC_WARN_ABOUT_RETURN_TYPE = YES_ERROR;
				GCC_WARN_UNDECLARED_SELECTOR = YES;
				GCC_WARN_UNINITIALIZED_AUTOS = YES_AGGRESSIVE;
				GCC_WARN_UNUSED_FUNCTION = YES;
				GCC_WARN_UNUSED_VARIABLE = YES;
				IPHONEOS_DEPLOYMENT_TARGET = 18.5;
				LOCALIZATION_PREFERS_STRING_CATALOGS = YES;
				MTL_ENABLE_DEBUG_INFO = INCLUDE_SOURCE;
				MTL_FAST_MATH = YES;
				ONLY_ACTIVE_ARCH = YES;
				SDKROOT = iphoneos;
				SWIFT_ACTIVE_COMPILATION_CONDITIONS = "DEBUG $(inherited)";
				SWIFT_OPTIMIZATION_LEVEL = "-Onone";
			};
			name = Debug;
		};
		CCE27AEA2ED40552009FD7F9 /* Release */ = {
			isa = XCBuildConfiguration;
			buildSettings = {
				ALWAYS_SEARCH_USER_PATHS = NO;
				ASSETCATALOG_COMPILER_GENERATE_SWIFT_ASSET_SYMBOL_EXTENSIONS = YES;
				CLANG_ANALYZER_NONNULL = YES;
				CLANG_ANALYZER_NUMBER_OBJECT_CONVERSION = YES_AGGRESSIVE;
				CLANG_CXX_LANGUAGE_STANDARD = "gnu++20";
				CLANG_ENABLE_MODULES = YES;
				CLANG_ENABLE_OBJC_ARC = YES;
				CLANG_ENABLE_OBJC_WEAK = YES;
				CLANG_WARN_BLOCK_CAPTURE_AUTORELEASING = YES;
				CLANG_WARN_BOOL_CONVERSION = YES;
				CLANG_WARN_COMMA = YES;
				CLANG_WARN_CONSTANT_CONVERSION = YES;
				CLANG_WARN_DEPRECATED_OBJC_IMPLEMENTATIONS = YES;
				CLANG_WARN_DIRECT_OBJC_ISA_USAGE = YES_ERROR;
				CLANG_WARN_DOCUMENTATION_COMMENTS = YES;
				CLANG_WARN_EMPTY_BODY = YES;
				CLANG_WARN_ENUM_CONVERSION = YES;
				CLANG_WARN_INFINITE_RECURSION = YES;
				CLANG_WARN_INT_CONVERSION = YES;
				CLANG_WARN_NON_LITERAL_NULL_CONVERSION = YES;
				CLANG_WARN_OBJC_IMPLICIT_RETAIN_SELF = YES;
				CLANG_WARN_OBJC_LITERAL_CONVERSION = YES;
				CLANG_WARN_OBJC_ROOT_CLASS = YES_ERROR;
				CLANG_WARN_QUOTED_INCLUDE_IN_FRAMEWORK_HEADER = YES;
				CLANG_WARN_RANGE_LOOP_ANALYSIS = YES;
				CLANG_WARN_STRICT_PROTOTYPES = YES;
				CLANG_WARN_SUSPICIOUS_MOVE = YES;
				CLANG_WARN_UNGUARDED_AVAILABILITY = YES_AGGRESSIVE;
				CLANG_WARN_UNREACHABLE_CODE = YES;
				CLANG_WARN__DUPLICATE_METHOD_MATCH = YES;
				COPY_PHASE_STRIP = NO;
				DEBUG_INFORMATION_FORMAT = "dwarf-with-dsym";
				DEVELOPMENT_TEAM = 2KGG5VLWXM;
				ENABLE_NS_ASSERTIONS = NO;
				ENABLE_STRICT_OBJC_MSGSEND = YES;
				ENABLE_USER_SCRIPT_SANDBOXING = YES;
				GCC_C_LANGUAGE_STANDARD = gnu17;
				GCC_NO_COMMON_BLOCKS = YES;
				GCC_WARN_64_TO_32_BIT_CONVERSION = YES;
				GCC_WARN_ABOUT_RETURN_TYPE = YES_ERROR;
				GCC_WARN_UNDECLARED_SELECTOR = YES;
				GCC_WARN_UNINITIALIZED_AUTOS = YES_AGGRESSIVE;
				GCC_WARN_UNUSED_FUNCTION = YES;
				GCC_WARN_UNUSED_VARIABLE = YES;
				IPHONEOS_DEPLOYMENT_TARGET = 18.5;
				LOCALIZATION_PREFERS_STRING_CATALOGS = YES;
				MTL_ENABLE_DEBUG_INFO = NO;
				MTL_FAST_MATH = YES;
				SDKROOT = iphoneos;
				SWIFT_COMPILATION_MODE = wholemodule;
				VALIDATE_PRODUCT = YES;
			};
			name = Release;
		};
		CCE27AEC2ED40552009FD7F9 /* Debug */ = {
			isa = XCBuildConfiguration;
			buildSettings = {
				ASSETCATALOG_COMPILER_APPICON_NAME = AppIcon;
				ASSETCATALOG_COMPILER_GLOBAL_ACCENT_COLOR_NAME = AccentColor;
				CODE_SIGN_STYLE = Automatic;
				CURRENT_PROJECT_VERSION = 1;
				DEVELOPMENT_TEAM = 2KGG5VLWXM;
				ENABLE_PREVIEWS = YES;
				GENERATE_INFOPLIST_FILE = YES;
				INFOPLIST_KEY_UIApplicationSceneManifest_Generation = YES;
				INFOPLIST_KEY_UIApplicationSupportsIndirectInputEvents = YES;
				INFOPLIST_KEY_UILaunchScreen_Generation = YES;
				INFOPLIST_KEY_UISupportedInterfaceOrientations_iPad = "UIInterfaceOrientationPortrait UIInterfaceOrientationPortraitUpsideDown UIInterfaceOrientationLandscapeLeft UIInterfaceOrientationLandscapeRight";
				INFOPLIST_KEY_UISupportedInterfaceOrientations_iPhone = "UIInterfaceOrientationPortrait UIInterfaceOrientationLandscapeLeft UIInterfaceOrientationLandscapeRight";
				LD_RUNPATH_SEARCH_PATHS = (
					"$(inherited)",
					"@executable_path/Frameworks",
				);
				MARKETING_VERSION = 1.0;
				PRODUCT_BUNDLE_IDENTIFIER = aurtsy.oauth.AurtsyApp;
				PRODUCT_NAME = "$(TARGET_NAME)";
				SWIFT_EMIT_LOC_STRINGS = YES;
				SWIFT_VERSION = 5.0;
				TARGETED_DEVICE_FAMILY = "1,2";
			};
			name = Debug;
		};
		CCE27AED2ED40552009FD7F9 /* Release */ = {
			isa = XCBuildConfiguration;
			buildSettings = {
				ASSETCATALOG_COMPILER_APPICON_NAME = AppIcon;
				ASSETCATALOG_COMPILER_GLOBAL_ACCENT_COLOR_NAME = AccentColor;
				CODE_SIGN_STYLE = Automatic;
				CURRENT_PROJECT_VERSION = 1;
				DEVELOPMENT_TEAM = 2KGG5VLWXM;
				ENABLE_PREVIEWS = YES;
				GENERATE_INFOPLIST_FILE = YES;
				INFOPLIST_KEY_UIApplicationSceneManifest_Generation = YES;
				INFOPLIST_KEY_UIApplicationSupportsIndirectInputEvents = YES;
				INFOPLIST_KEY_UILaunchScreen_Generation = YES;
				INFOPLIST_KEY_UISupportedInterfaceOrientations_iPad = "UIInterfaceOrientationPortrait UIInterfaceOrientationPortraitUpsideDown UIInterfaceOrientationLandscapeLeft UIInterfaceOrientationLandscapeRight";
				INFOPLIST_KEY_UISupportedInterfaceOrientations_iPhone = "UIInterfaceOrientationPortrait UIInterfaceOrientationLandscapeLeft UIInterfaceOrientationLandscapeRight";
				LD_RUNPATH_SEARCH_PATHS = (
					"$(inherited)",
					"@executable_path/Frameworks",
				);
				MARKETING_VERSION = 1.0;
				PRODUCT_BUNDLE_IDENTIFIER = aurtsy.oauth.AurtsyApp;
				PRODUCT_NAME = "$(TARGET_NAME)";
				SWIFT_EMIT_LOC_STRINGS = YES;
				SWIFT_VERSION = 5.0;
				TARGETED_DEVICE_FAMILY = "1,2";
			};
			name = Release;
		};
		CCE27AEF2ED40552009FD7F9 /* Debug */ = {
			isa = XCBuildConfiguration;
			buildSettings = {
				BUNDLE_LOADER = "$(TEST_HOST)";
				CODE_SIGN_STYLE = Automatic;
				CURRENT_PROJECT_VERSION = 1;
				DEVELOPMENT_TEAM = 2KGG5VLWXM;
				GENERATE_INFOPLIST_FILE = YES;
				IPHONEOS_DEPLOYMENT_TARGET = 18.5;
				MARKETING_VERSION = 1.0;
				PRODUCT_BUNDLE_IDENTIFIER = aurtsy.oauth.AurtsyAppTests;
				PRODUCT_NAME = "$(TARGET_NAME)";
				SWIFT_EMIT_LOC_STRINGS = NO;
				SWIFT_VERSION = 5.0;
				TARGETED_DEVICE_FAMILY = "1,2";
				TEST_HOST = "$(BUILT_PRODUCTS_DIR)/AurtsyApp.app/$(BUNDLE_EXECUTABLE_FOLDER_PATH)/AurtsyApp";
			};
			name = Debug;
		};
		CCE27AF02ED40552009FD7F9 /* Release */ = {
			isa = XCBuildConfiguration;
			buildSettings = {
				BUNDLE_LOADER = "$(TEST_HOST)";
				CODE_SIGN_STYLE = Automatic;
				CURRENT_PROJECT_VERSION = 1;
				DEVELOPMENT_TEAM = 2KGG5VLWXM;
				GENERATE_INFOPLIST_FILE = YES;
				IPHONEOS_DEPLOYMENT_TARGET = 18.5;
				MARKETING_VERSION = 1.0;
				PRODUCT_BUNDLE_IDENTIFIER = aurtsy.oauth.AurtsyAppTests;
				PRODUCT_NAME = "$(TARGET_NAME)";
				SWIFT_EMIT_LOC_STRINGS = NO;
				SWIFT_VERSION = 5.0;
				TARGETED_DEVICE_FAMILY = "1,2";
				TEST_HOST = "$(BUILT_PRODUCTS_DIR)/AurtsyApp.app/$(BUNDLE_EXECUTABLE_FOLDER_PATH)/AurtsyApp";
			};
			name = Release;
		};
		CCE27AF22ED40552009FD7F9 /* Debug */ = {
			isa = XCBuildConfiguration;
			buildSettings = {
				CODE_SIGN_STYLE = Automatic;
				CURRENT_PROJECT_VERSION = 1;
				DEVELOPMENT_TEAM = 2KGG5VLWXM;
				GENERATE_INFOPLIST_FILE = YES;
				MARKETING_VERSION = 1.0;
				PRODUCT_BUNDLE_IDENTIFIER = aurtsy.oauth.AurtsyAppUITests;
				PRODUCT_NAME = "$(TARGET_NAME)";
				SWIFT_EMIT_LOC_STRINGS = NO;
				SWIFT_VERSION = 5.0;
				TARGETED_DEVICE_FAMILY = "1,2";
				TEST_TARGET_NAME = AurtsyApp;
			};
			name = Debug;
		};
		CCE27AF32ED40552009FD7F9 /* Release */ = {
			isa = XCBuildConfiguration;
			buildSettings = {
				CODE_SIGN_STYLE = Automatic;
				CURRENT_PROJECT_VERSION = 1;
				DEVELOPMENT_TEAM = 2KGG5VLWXM;
				GENERATE_INFOPLIST_FILE = YES;
				MARKETING_VERSION = 1.0;
				PRODUCT_BUNDLE_IDENTIFIER = aurtsy.oauth.AurtsyAppUITests;
				PRODUCT_NAME = "$(TARGET_NAME)";
				SWIFT_EMIT_LOC_STRINGS = NO;
				SWIFT_VERSION = 5.0;
				TARGETED_DEVICE_FAMILY = "1,2";
				TEST_TARGET_NAME = AurtsyApp;
			};
			name = Release;
		};
/* End XCBuildConfiguration section */

/* Begin XCConfigurationList section */
		CCE27AC52ED40551009FD7F9 /* Build configuration list for PBXProject "AurtsyApp" */ = {
			isa = XCConfigurationList;
			buildConfigurations = (
				CCE27AE92ED40552009FD7F9 /* Debug */,
				CCE27AEA2ED40552009FD7F9 /* Release */,
			);
			defaultConfigurationIsVisible = 0;
			defaultConfigurationName = Release;
		};
		CCE27AEB2ED40552009FD7F9 /* Build configuration list for PBXNativeTarget "AurtsyApp" */ = {
			isa = XCConfigurationList;
			buildConfigurations = (
				CCE27AEC2ED40552009FD7F9 /* Debug */,
				CCE27AED2ED40552009FD7F9 /* Release */,
			);
			defaultConfigurationIsVisible = 0;
			defaultConfigurationName = Release;
		};
		CCE27AEE2ED40552009FD7F9 /* Build configuration list for PBXNativeTarget "AurtsyAppTests" */ = {
			isa = XCConfigurationList;
			buildConfigurations = (
				CCE27AEF2ED40552009FD7F9 /* Debug */,
				CCE27AF02ED40552009FD7F9 /* Release */,
			);
			defaultConfigurationIsVisible = 0;
			defaultConfigurationName = Release;
		};
		CCE27AF12ED40552009FD7F9 /* Build configuration list for PBXNativeTarget "AurtsyAppUITests" */ = {
			isa = XCConfigurationList;
			buildConfigurations = (
				CCE27AF22ED40552009FD7F9 /* Debug */,
				CCE27AF32ED40552009FD7F9 /* Release */,
			);
			defaultConfigurationIsVisible = 0;
			defaultConfigurationName = Release;
		};
/* End XCConfigurationList section */
	};
	rootObject = CCE27AC22ED40551009FD7F9 /* Project object */;
}
